
Microsoft Visual Studio Solution File, Format Version 12.00
# Visual Studio Version 17
VisualStudioVersion = 17.14.36221.1
MinimumVisualStudioVersion = 10.0.40219.1
Project("{FAE04EC0-301F-11D3-BF4B-00C04F79EFBC}") = "WriterSharp.Core", "WriterSharp.Core\WriterSharp.Core.csproj", "{966994A5-B1F1-4D33-B1CB-85009A5E2663}"
EndProject
Project("{FAE04EC0-301F-11D3-BF4B-00C04F79EFBC}") = "WriterSharp.PluginApi", "WriterSharp.PluginApi\WriterSharp.PluginApi.csproj", "{CFB39ACD-13F2-4648-8DCB-C0AF52D2BEF5}"
EndProject
Project("{FAE04EC0-301F-11D3-BF4B-00C04F79EFBC}") = "WriterSharp.Tests", "WriterSharp.Tests\WriterSharp.Tests.csproj", "{839FAF5B-26E5-4385-9957-879C03656D7F}"
EndProject
Project("{FAE04EC0-301F-11D3-BF4B-00C04F79EFBC}") = "WriterSharp", "WriterSharp\WriterSharp.csproj", "{2C08ED8C-BCD5-4660-93B1-CB5AA66897D8}"
EndProject
Global
	GlobalSection(SolutionConfigurationPlatforms) = preSolution
		Debug|Any CPU = Debug|Any CPU
		Debug|ARM32 = Debug|ARM32
		Debug|ARM64 = Debug|ARM64
		Debug|x64 = Debug|x64
		Debug|x86 = Debug|x86
		Release|Any CPU = Release|Any CPU
		Release|ARM32 = Release|ARM32
		Release|ARM64 = Release|ARM64
		Release|x64 = Release|x64
		Release|x86 = Release|x86
	EndGlobalSection
	GlobalSection(ProjectConfigurationPlatforms) = postSolution
		{966994A5-B1F1-4D33-B1CB-85009A5E2663}.Debug|Any CPU.ActiveCfg = Debug|Any CPU
		{966994A5-B1F1-4D33-B1CB-85009A5E2663}.Debug|Any CPU.Build.0 = Debug|Any CPU
		{966994A5-B1F1-4D33-B1CB-85009A5E2663}.Debug|ARM32.ActiveCfg = Debug|ARM32
		{966994A5-B1F1-4D33-B1CB-85009A5E2663}.Debug|ARM32.Build.0 = Debug|ARM32
		{966994A5-B1F1-4D33-B1CB-85009A5E2663}.Debug|ARM64.ActiveCfg = Debug|ARM64
		{966994A5-B1F1-4D33-B1CB-85009A5E2663}.Debug|ARM64.Build.0 = Debug|ARM64
		{966994A5-B1F1-4D33-B1CB-85009A5E2663}.Debug|x64.ActiveCfg = Debug|x64
		{966994A5-B1F1-4D33-B1CB-85009A5E2663}.Debug|x64.Build.0 = Debug|x64
		{966994A5-B1F1-4D33-B1CB-85009A5E2663}.Debug|x86.ActiveCfg = Debug|x86
		{966994A5-B1F1-4D33-B1CB-85009A5E2663}.Debug|x86.Build.0 = Debug|x86
		{966994A5-B1F1-4D33-B1CB-85009A5E2663}.Release|Any CPU.ActiveCfg = Release|Any CPU
		{966994A5-B1F1-4D33-B1CB-85009A5E2663}.Release|Any CPU.Build.0 = Release|Any CPU
		{966994A5-B1F1-4D33-B1CB-85009A5E2663}.Release|ARM32.ActiveCfg = Release|ARM32
		{966994A5-B1F1-4D33-B1CB-85009A5E2663}.Release|ARM32.Build.0 = Release|ARM32
		{966994A5-B1F1-4D33-B1CB-85009A5E2663}.Release|ARM64.ActiveCfg = Release|ARM64
		{966994A5-B1F1-4D33-B1CB-85009A5E2663}.Release|ARM64.Build.0 = Release|ARM64
		{966994A5-B1F1-4D33-B1CB-85009A5E2663}.Release|x64.ActiveCfg = Release|x64
		{966994A5-B1F1-4D33-B1CB-85009A5E2663}.Release|x64.Build.0 = Release|x64
		{966994A5-B1F1-4D33-B1CB-85009A5E2663}.Release|x86.ActiveCfg = Release|x86
		{966994A5-B1F1-4D33-B1CB-85009A5E2663}.Release|x86.Build.0 = Release|x86
		{CFB39ACD-13F2-4648-8DCB-C0AF52D2BEF5}.Debug|Any CPU.ActiveCfg = Debug|Any CPU
		{CFB39ACD-13F2-4648-8DCB-C0AF52D2BEF5}.Debug|Any CPU.Build.0 = Debug|Any CPU
		{CFB39ACD-13F2-4648-8DCB-C0AF52D2BEF5}.Debug|ARM32.ActiveCfg = Debug|ARM32
		{CFB39ACD-13F2-4648-8DCB-C0AF52D2BEF5}.Debug|ARM32.Build.0 = Debug|ARM32
		{CFB39ACD-13F2-4648-8DCB-C0AF52D2BEF5}.Debug|ARM64.ActiveCfg = Debug|ARM64
		{CFB39ACD-13F2-4648-8DCB-C0AF52D2BEF5}.Debug|ARM64.Build.0 = Debug|ARM64
		{CFB39ACD-13F2-4648-8DCB-C0AF52D2BEF5}.Debug|x64.ActiveCfg = Debug|x64
		{CFB39ACD-13F2-4648-8DCB-C0AF52D2BEF5}.Debug|x64.Build.0 = Debug|x64
		{CFB39ACD-13F2-4648-8DCB-C0AF52D2BEF5}.Debug|x86.ActiveCfg = Debug|x86
		{CFB39ACD-13F2-4648-8DCB-C0AF52D2BEF5}.Debug|x86.Build.0 = Debug|x86
		{CFB39ACD-13F2-4648-8DCB-C0AF52D2BEF5}.Release|Any CPU.ActiveCfg = Release|Any CPU
		{CFB39ACD-13F2-4648-8DCB-C0AF52D2BEF5}.Release|Any CPU.Build.0 = Release|Any CPU
		{CFB39ACD-13F2-4648-8DCB-C0AF52D2BEF5}.Release|ARM32.ActiveCfg = Release|ARM32
		{CFB39ACD-13F2-4648-8DCB-C0AF52D2BEF5}.Release|ARM32.Build.0 = Release|ARM32
		{CFB39ACD-13F2-4648-8DCB-C0AF52D2BEF5}.Release|ARM64.ActiveCfg = Release|ARM64
		{CFB39ACD-13F2-4648-8DCB-C0AF52D2BEF5}.Release|ARM64.Build.0 = Release|ARM64
		{CFB39ACD-13F2-4648-8DCB-C0AF52D2BEF5}.Release|x64.ActiveCfg = Release|x64
		{CFB39ACD-13F2-4648-8DCB-C0AF52D2BEF5}.Release|x64.Build.0 = Release|x64
		{CFB39ACD-13F2-4648-8DCB-C0AF52D2BEF5}.Release|x86.ActiveCfg = Release|x86
		{CFB39ACD-13F2-4648-8DCB-C0AF52D2BEF5}.Release|x86.Build.0 = Release|x86
		{839FAF5B-26E5-4385-9957-879C03656D7F}.Debug|Any CPU.ActiveCfg = Debug|Any CPU
		{839FAF5B-26E5-4385-9957-879C03656D7F}.Debug|Any CPU.Build.0 = Debug|Any CPU
		{839FAF5B-26E5-4385-9957-879C03656D7F}.Debug|ARM32.ActiveCfg = Debug|ARM32
		{839FAF5B-26E5-4385-9957-879C03656D7F}.Debug|ARM32.Build.0 = Debug|ARM32
		{839FAF5B-26E5-4385-9957-879C03656D7F}.Debug|ARM64.ActiveCfg = Debug|ARM64
		{839FAF5B-26E5-4385-9957-879C03656D7F}.Debug|ARM64.Build.0 = Debug|ARM64
		{839FAF5B-26E5-4385-9957-879C03656D7F}.Debug|x64.ActiveCfg = Debug|x64
		{839FAF5B-26E5-4385-9957-879C03656D7F}.Debug|x64.Build.0 = Debug|x64
		{839FAF5B-26E5-4385-9957-879C03656D7F}.Debug|x86.ActiveCfg = Debug|x86
		{839FAF5B-26E5-4385-9957-879C03656D7F}.Debug|x86.Build.0 = Debug|x86
		{839FAF5B-26E5-4385-9957-879C03656D7F}.Release|Any CPU.ActiveCfg = Release|Any CPU
		{839FAF5B-26E5-4385-9957-879C03656D7F}.Release|Any CPU.Build.0 = Release|Any CPU
		{839FAF5B-26E5-4385-9957-879C03656D7F}.Release|ARM32.ActiveCfg = Release|ARM32
		{839FAF5B-26E5-4385-9957-879C03656D7F}.Release|ARM32.Build.0 = Release|ARM32
		{839FAF5B-26E5-4385-9957-879C03656D7F}.Release|ARM64.ActiveCfg = Release|ARM64
		{839FAF5B-26E5-4385-9957-879C03656D7F}.Release|ARM64.Build.0 = Release|ARM64
		{839FAF5B-26E5-4385-9957-879C03656D7F}.Release|x64.ActiveCfg = Release|x64
		{839FAF5B-26E5-4385-9957-879C03656D7F}.Release|x64.Build.0 = Release|x64
		{839FAF5B-26E5-4385-9957-879C03656D7F}.Release|x86.ActiveCfg = Release|x86
		{839FAF5B-26E5-4385-9957-879C03656D7F}.Release|x86.Build.0 = Release|x86
		{2C08ED8C-BCD5-4660-93B1-CB5AA66897D8}.Debug|Any CPU.ActiveCfg = Debug|Any CPU
		{2C08ED8C-BCD5-4660-93B1-CB5AA66897D8}.Debug|Any CPU.Build.0 = Debug|Any CPU
		{2C08ED8C-BCD5-4660-93B1-CB5AA66897D8}.Debug|ARM32.ActiveCfg = Debug|Any CPU
		{2C08ED8C-BCD5-4660-93B1-CB5AA66897D8}.Debug|ARM32.Build.0 = Debug|Any CPU
		{2C08ED8C-BCD5-4660-93B1-CB5AA66897D8}.Debug|ARM64.ActiveCfg = Debug|Any CPU
		{2C08ED8C-BCD5-4660-93B1-CB5AA66897D8}.Debug|ARM64.Build.0 = Debug|Any CPU
		{2C08ED8C-BCD5-4660-93B1-CB5AA66897D8}.Debug|x64.ActiveCfg = Debug|Any CPU
		{2C08ED8C-BCD5-4660-93B1-CB5AA66897D8}.Debug|x64.Build.0 = Debug|Any CPU
		{2C08ED8C-BCD5-4660-93B1-CB5AA66897D8}.Debug|x86.ActiveCfg = Debug|Any CPU
		{2C08ED8C-BCD5-4660-93B1-CB5AA66897D8}.Debug|x86.Build.0 = Debug|Any CPU
		{2C08ED8C-BCD5-4660-93B1-CB5AA66897D8}.Release|Any CPU.ActiveCfg = Release|Any CPU
		{2C08ED8C-BCD5-4660-93B1-CB5AA66897D8}.Release|Any CPU.Build.0 = Release|Any CPU
		{2C08ED8C-BCD5-4660-93B1-CB5AA66897D8}.Release|ARM32.ActiveCfg = Release|Any CPU
		{2C08ED8C-BCD5-4660-93B1-CB5AA66897D8}.Release|ARM32.Build.0 = Release|Any CPU
		{2C08ED8C-BCD5-4660-93B1-CB5AA66897D8}.Release|ARM64.ActiveCfg = Release|Any CPU
		{2C08ED8C-BCD5-4660-93B1-CB5AA66897D8}.Release|ARM64.Build.0 = Release|Any CPU
		{2C08ED8C-BCD5-4660-93B1-CB5AA66897D8}.Release|x64.ActiveCfg = Release|Any CPU
		{2C08ED8C-BCD5-4660-93B1-CB5AA66897D8}.Release|x64.Build.0 = Release|Any CPU
		{2C08ED8C-BCD5-4660-93B1-CB5AA66897D8}.Release|x86.ActiveCfg = Release|Any CPU
		{2C08ED8C-BCD5-4660-93B1-CB5AA66897D8}.Release|x86.Build.0 = Release|Any CPU
	EndGlobalSection
	GlobalSection(SolutionProperties) = preSolution
		HideSolutionNode = FALSE
	EndGlobalSection
	GlobalSection(ExtensibilityGlobals) = postSolution
		SolutionGuid = {D86DA9AA-7548-4CF4-B200-75A6B9DB2B14}
	EndGlobalSection
EndGlobal
