
Microsoft Visual Studio Solution File, Format Version 12.00
# Visual Studio Version 17
VisualStudioVersion = 17.14.36221.1
MinimumVisualStudioVersion = 10.0.40219.1
Project("{FAE04EC0-301F-11D3-BF4B-00C04F79EFBC}") = "WriterSharp", "WriterSharp\WriterSharp.csproj", "{A136ECFE-918D-4D0F-B603-991BDEB521CF}"
EndProject
Project("{FAE04EC0-301F-11D3-BF4B-00C04F79EFBC}") = "WriterSharp.Core", "WriterSharp.Core\WriterSharp.Core.csproj", "{966994A5-B1F1-4D33-B1CB-85009A5E2663}"
EndProject
Project("{FAE04EC0-301F-11D3-BF4B-00C04F79EFBC}") = "WriterSharp.PluginApi.0", "WriterSharp.PluginApi.0\WriterSharp.PluginApi.0.csproj", "{2AA7E395-D776-4FAF-AEE5-5E412F417100}"
EndProject
Project("{FAE04EC0-301F-11D3-BF4B-00C04F79EFBC}") = "WriterSharp.Tests", "WriterSharp.Tests\WriterSharp.Tests.csproj", "{839FAF5B-26E5-4385-9957-879C03656D7F}"
EndProject
Global
	GlobalSection(SolutionConfigurationPlatforms) = preSolution
		Debug|Any CPU = Debug|Any CPU
		Release|Any CPU = Release|Any CPU
	EndGlobalSection
	GlobalSection(ProjectConfigurationPlatforms) = postSolution
		{A136ECFE-918D-4D0F-B603-991BDEB521CF}.Debug|Any CPU.ActiveCfg = Debug|Any CPU
		{A136ECFE-918D-4D0F-B603-991BDEB521CF}.Debug|Any CPU.Build.0 = Debug|Any CPU
		{A136ECFE-918D-4D0F-B603-991BDEB521CF}.Release|Any CPU.ActiveCfg = Release|Any CPU
		{A136ECFE-918D-4D0F-B603-991BDEB521CF}.Release|Any CPU.Build.0 = Release|Any CPU
		{966994A5-B1F1-4D33-B1CB-85009A5E2663}.Debug|Any CPU.ActiveCfg = Debug|Any CPU
		{966994A5-B1F1-4D33-B1CB-85009A5E2663}.Debug|Any CPU.Build.0 = Debug|Any CPU
		{966994A5-B1F1-4D33-B1CB-85009A5E2663}.Release|Any CPU.ActiveCfg = Release|Any CPU
		{966994A5-B1F1-4D33-B1CB-85009A5E2663}.Release|Any CPU.Build.0 = Release|Any CPU
		{2AA7E395-D776-4FAF-AEE5-5E412F417100}.Debug|Any CPU.ActiveCfg = Debug|Any CPU
		{2AA7E395-D776-4FAF-AEE5-5E412F417100}.Debug|Any CPU.Build.0 = Debug|Any CPU
		{2AA7E395-D776-4FAF-AEE5-5E412F417100}.Release|Any CPU.ActiveCfg = Release|Any CPU
		{2AA7E395-D776-4FAF-AEE5-5E412F417100}.Release|Any CPU.Build.0 = Release|Any CPU
		{839FAF5B-26E5-4385-9957-879C03656D7F}.Debug|Any CPU.ActiveCfg = Debug|Any CPU
		{839FAF5B-26E5-4385-9957-879C03656D7F}.Debug|Any CPU.Build.0 = Debug|Any CPU
		{839FAF5B-26E5-4385-9957-879C03656D7F}.Release|Any CPU.ActiveCfg = Release|Any CPU
		{839FAF5B-26E5-4385-9957-879C03656D7F}.Release|Any CPU.Build.0 = Release|Any CPU
	EndGlobalSection
	GlobalSection(SolutionProperties) = preSolution
		HideSolutionNode = FALSE
	EndGlobalSection
	GlobalSection(ExtensibilityGlobals) = postSolution
		SolutionGuid = {D86DA9AA-7548-4CF4-B200-75A6B9DB2B14}
	EndGlobalSection
EndGlobal
